
Microsoft Visual Studio Solution File, Format Version 12.00
# Visual Studio Version 16
VisualStudioVersion = 16.0.29728.190
MinimumVisualStudioVersion = 10.0.40219.1
Project("{FAE04EC0-301F-11D3-BF4B-00C04F79EFBC}") = "Cold Clear SF", "Cold Clear SF\Cold Clear SF.csproj", "{E11CC388-8D3C-4ED8-90AE-34828E8F20D8}"
EndProject
Global
	GlobalSection(SolutionConfigurationPlatforms) = preSolution
		Debug|Any CPU = Debug|Any CPU
		Release|Any CPU = Release|Any CPU
	EndGlobalSection
	GlobalSection(ProjectConfigurationPlatforms) = postSolution
		{E11CC388-8D3C-4ED8-90AE-34828E8F20D8}.Debug|Any CPU.ActiveCfg = Debug|Any CPU
		{E11CC388-8D3C-4ED8-90AE-34828E8F20D8}.Debug|Any CPU.Build.0 = Debug|Any CPU
		{E11CC388-8D3C-4ED8-90AE-34828E8F20D8}.Release|Any CPU.ActiveCfg = Release|Any CPU
		{E11CC388-8D3C-4ED8-90AE-34828E8F20D8}.Release|Any CPU.Build.0 = Release|Any CPU
	EndGlobalSection
	GlobalSection(SolutionProperties) = preSolution
		HideSolutionNode = FALSE
	EndGlobalSection
	GlobalSection(ExtensibilityGlobals) = postSolution
		SolutionGuid = {3B78874C-F270-489B-B575-DFC9369214F4}
	EndGlobalSection
EndGlobal
